
Microsoft Visual Studio Solution File, Format Version 12.00
# Visual Studio Version 17
VisualStudioVersion = 17.6.33829.357
MinimumVisualStudioVersion = 10.0.40219.1
Project("{9A19103F-16F7-4668-BE54-9A1E7A4F7556}") = "MinhasFinancasApi", "MinhasFinancasApi\MinhasFinancasApi.csproj", "{3983FFCC-C9FA-4040-9263-FCBA12B3F17F}"
EndProject
Project("{9A19103F-16F7-4668-BE54-9A1E7A4F7556}") = "Application", "Application\Application.csproj", "{0AB78535-6C61-445C-9B24-A71B7E197F42}"
EndProject
Project("{9A19103F-16F7-4668-BE54-9A1E7A4F7556}") = "Infra.IoC", "Infra.IoC\Infra.IoC.csproj", "{B217FD54-DFCB-40BE-B8D2-26A3102C7A47}"
EndProject
Project("{9A19103F-16F7-4668-BE54-9A1E7A4F7556}") = "Infra.Commons", "Infra.Commons\Infra.Commons.csproj", "{C06AE840-6571-4370-92E1-205CA3CBB0CC}"
EndProject
Project("{FAE04EC0-301F-11D3-BF4B-00C04F79EFBC}") = "Domain", "Domain\Domain.csproj", "{C05A0C0F-E60F-4CBE-B166-39FDF2F9A057}"
EndProject
Project("{FAE04EC0-301F-11D3-BF4B-00C04F79EFBC}") = "Data.MongoDB", "Data.MongoDB\Data.MongoDB.csproj", "{AD9E5D52-1B4A-43C4-9546-A5D2A63EE2B6}"
EndProject
Global
	GlobalSection(SolutionConfigurationPlatforms) = preSolution
		Debug|Any CPU = Debug|Any CPU
		Release|Any CPU = Release|Any CPU
	EndGlobalSection
	GlobalSection(ProjectConfigurationPlatforms) = postSolution
		{3983FFCC-C9FA-4040-9263-FCBA12B3F17F}.Debug|Any CPU.ActiveCfg = Debug|Any CPU
		{3983FFCC-C9FA-4040-9263-FCBA12B3F17F}.Debug|Any CPU.Build.0 = Debug|Any CPU
		{3983FFCC-C9FA-4040-9263-FCBA12B3F17F}.Release|Any CPU.ActiveCfg = Release|Any CPU
		{3983FFCC-C9FA-4040-9263-FCBA12B3F17F}.Release|Any CPU.Build.0 = Release|Any CPU
		{0AB78535-6C61-445C-9B24-A71B7E197F42}.Debug|Any CPU.ActiveCfg = Debug|Any CPU
		{0AB78535-6C61-445C-9B24-A71B7E197F42}.Debug|Any CPU.Build.0 = Debug|Any CPU
		{0AB78535-6C61-445C-9B24-A71B7E197F42}.Release|Any CPU.ActiveCfg = Release|Any CPU
		{0AB78535-6C61-445C-9B24-A71B7E197F42}.Release|Any CPU.Build.0 = Release|Any CPU
		{B217FD54-DFCB-40BE-B8D2-26A3102C7A47}.Debug|Any CPU.ActiveCfg = Debug|Any CPU
		{B217FD54-DFCB-40BE-B8D2-26A3102C7A47}.Debug|Any CPU.Build.0 = Debug|Any CPU
		{B217FD54-DFCB-40BE-B8D2-26A3102C7A47}.Release|Any CPU.ActiveCfg = Release|Any CPU
		{B217FD54-DFCB-40BE-B8D2-26A3102C7A47}.Release|Any CPU.Build.0 = Release|Any CPU
		{C06AE840-6571-4370-92E1-205CA3CBB0CC}.Debug|Any CPU.ActiveCfg = Debug|Any CPU
		{C06AE840-6571-4370-92E1-205CA3CBB0CC}.Debug|Any CPU.Build.0 = Debug|Any CPU
		{C06AE840-6571-4370-92E1-205CA3CBB0CC}.Release|Any CPU.ActiveCfg = Release|Any CPU
		{C06AE840-6571-4370-92E1-205CA3CBB0CC}.Release|Any CPU.Build.0 = Release|Any CPU
		{C05A0C0F-E60F-4CBE-B166-39FDF2F9A057}.Debug|Any CPU.ActiveCfg = Debug|Any CPU
		{C05A0C0F-E60F-4CBE-B166-39FDF2F9A057}.Debug|Any CPU.Build.0 = Debug|Any CPU
		{C05A0C0F-E60F-4CBE-B166-39FDF2F9A057}.Release|Any CPU.ActiveCfg = Release|Any CPU
		{C05A0C0F-E60F-4CBE-B166-39FDF2F9A057}.Release|Any CPU.Build.0 = Release|Any CPU
		{AD9E5D52-1B4A-43C4-9546-A5D2A63EE2B6}.Debug|Any CPU.ActiveCfg = Debug|Any CPU
		{AD9E5D52-1B4A-43C4-9546-A5D2A63EE2B6}.Debug|Any CPU.Build.0 = Debug|Any CPU
		{AD9E5D52-1B4A-43C4-9546-A5D2A63EE2B6}.Release|Any CPU.ActiveCfg = Release|Any CPU
		{AD9E5D52-1B4A-43C4-9546-A5D2A63EE2B6}.Release|Any CPU.Build.0 = Release|Any CPU
	EndGlobalSection
	GlobalSection(SolutionProperties) = preSolution
		HideSolutionNode = FALSE
	EndGlobalSection
	GlobalSection(ExtensibilityGlobals) = postSolution
		SolutionGuid = {E32F7251-7F3F-48B2-A0AC-97B0A7B5C0B3}
	EndGlobalSection
EndGlobal
